<?xml version="1.0" encoding="utf-8"?>
<Project ToolsVersion="4.0" xmlns="http://schemas.microsoft.com/developer/msbuild/2003">
  <ItemGroup>
    <Filter Include="Source Files">
      <UniqueIdentifier>{4FC737F1-C7A5-4376-A066-2A32D752A2FF}</UniqueIdentifier>
      <Extensions>cpp;c;cc;cxx;def;odl;idl;hpj;bat;asm;asmx</Extensions>
    </Filter>
    <Filter Include="Header Files">
      <UniqueIdentifier>{93995380-89BD-4b04-88EB-625FBE52EBFB}</UniqueIdentifier>
      <Extensions>h;hpp;hxx;hm;inl;inc;xsd</Extensions>
    </Filter>
    <Filter Include="Resource Files">
      <UniqueIdentifier>{67DA6AB6-F800-4c08-8B7A-83BB121AAD01}</UniqueIdentifier>
      <Extensions>rc;ico;cur;bmp;dlg;rc2;rct;bin;rgs;gif;jpg;jpeg;jpe;resx;tiff;tif;png;wav;mfcribbon-ms</Extensions>
    </Filter>
  </ItemGroup>
  <ItemGroup>
    <ClCompile Include="EngineIncludes.cpp">
      <Filter>Source Files</Filter>
    </ClCompile>
    <ClCompile Include="RenObj.cpp">
      <Filter>Source Files</Filter>
    </ClCompile>
    <ClCompile Include="OGLEngine.cpp">
      <Filter>Source Files</Filter>
    </ClCompile>
    <ClCompile Include="Blocks.cpp">
      <Filter>Source Files</Filter>
    </ClCompile>
    <ClCompile Include="Exec.cpp">
      <Filter>Source Files</Filter>
    </ClCompile>
    <ClCompile Include="Scene.cpp">
      <Filter>Source Files</Filter>
    </ClCompile>
    <ClCompile Include="OGLInterface.cpp">
      <Filter>Source Files</Filter>
    </ClCompile>
    <ClCompile Include="RenderProperties.cpp">
      <Filter>Source Files</Filter>
    </ClCompile>
  </ItemGroup>
  <ItemGroup>
    <ClInclude Include="EngineIncludes.h">
      <Filter>Header Files</Filter>
    </ClInclude>
    <ClInclude Include="RenObj.h">
      <Filter>Header Files</Filter>
    </ClInclude>
    <ClInclude Include="OGLEngine.h">
      <Filter>Header Files</Filter>
    </ClInclude>
    <ClInclude Include="Blocks.h">
      <Filter>Header Files</Filter>
    </ClInclude>
    <ClInclude Include="Scene.h">
      <Filter>Header Files</Filter>
    </ClInclude>
    <ClInclude Include="OGLInterface.h">
      <Filter>Header Files</Filter>
    </ClInclude>
    <ClInclude Include="RenderProperties.h">
      <Filter>Header Files</Filter>
    </ClInclude>
  </ItemGroup>
  <ItemGroup>
    <None Include="FragmentShader.glsl">
      <Filter>Resource Files</Filter>
    </None>
    <None Include="VertexShader.glsl">
      <Filter>Resource Files</Filter>
    </None>
    <None Include="SurfaceNets.ogldb">
      <Filter>Resource Files</Filter>
    </None>
  </ItemGroup>
  <ItemGroup>
    <Image Include="light_dirty_sand.jpg">
      <Filter>Resource Files</Filter>
    </Image>
    <Image Include="light_dirty_sand_NRM.jpg">
      <Filter>Resource Files</Filter>
    </Image>
    <Image Include="darkseamless.jpg">
      <Filter>Resource Files</Filter>
    </Image>
    <Image Include="darkseamless_NRM.jpg">
      <Filter>Resource Files</Filter>
    </Image>
    <Image Include="cobbstones.jpg">
      <Filter>Resource Files</Filter>
    </Image>
    <Image Include="cobbstones_NRM.jpg">
      <Filter>Resource Files</Filter>
    </Image>
  </ItemGroup>
  <ItemGroup>
    <Media Include="MemoryLane.wav">
      <Filter>Resource Files</Filter>
    </Media>
  </ItemGroup>
</Project>